# THIS IS AN AUTOGENERATED FILE. DO NOT EDIT THIS FILE DIRECTLY.
# yarn lockfile v1


"@xmldom/xmldom@0.9.0":
  version "0.9.0"
  resolved "https://registry.yarnpkg.com/@xmldom/xmldom/-/xmldom-0.9.0.tgz#b1f0ff61fb43eef59b7740b6ce25b8b62e243aec"
  integrity sha512-Zb9MTlKGnUdxglDKF75cJwvsNp+EhPwzguLSTp/u1yeDU59lz7eA9e14S9z/sn5HHKX5NEQZaKjePl/69uqGhw==

xpath@^0.0.34:
  version "0.0.34"
  resolved "https://registry.yarnpkg.com/xpath/-/xpath-0.0.34.tgz#a769255e8816e0938e1e0005f2baa7279be8be12"
  integrity sha512-FxF6+rkr1rNSQrhUNYrAFJpRXNzlDoMxeXN5qI84939ylEv3qqPFKa85Oxr6tDaJKqwW6KKyo2v26TSv3k6LeA==
